
Microsoft Visual Studio Solution File, Format Version 12.00
# Visual Studio Version 16
VisualStudioVersion = 16.0.29609.76
MinimumVisualStudioVersion = 10.0.40219.1
Project("{FAE04EC0-301F-11D3-BF4B-00C04F79EFBC}") = "DevIO.App", "src\DevIO.App\DevIO.App.csproj", "{4EC7872E-2B1E-47B8-BCED-E85DD52E4148}"
EndProject
Project("{FAE04EC0-301F-11D3-BF4B-00C04F79EFBC}") = "DevIO.Business", "src\DevIO.Business\DevIO.Business.csproj", "{42B28B03-6C7D-4C32-B4CB-0CE9BC5C5032}"
EndProject
Project("{FAE04EC0-301F-11D3-BF4B-00C04F79EFBC}") = "DevIO.Data", "src\DevIO.Data\DevIO.Data.csproj", "{6EA2D837-714E-49B5-A368-9C7840D38EF2}"
EndProject
Global
	GlobalSection(SolutionConfigurationPlatforms) = preSolution
		Debug|Any CPU = Debug|Any CPU
		Release|Any CPU = Release|Any CPU
	EndGlobalSection
	GlobalSection(ProjectConfigurationPlatforms) = postSolution
		{4EC7872E-2B1E-47B8-BCED-E85DD52E4148}.Debug|Any CPU.ActiveCfg = Debug|Any CPU
		{4EC7872E-2B1E-47B8-BCED-E85DD52E4148}.Debug|Any CPU.Build.0 = Debug|Any CPU
		{4EC7872E-2B1E-47B8-BCED-E85DD52E4148}.Release|Any CPU.ActiveCfg = Release|Any CPU
		{4EC7872E-2B1E-47B8-BCED-E85DD52E4148}.Release|Any CPU.Build.0 = Release|Any CPU
		{42B28B03-6C7D-4C32-B4CB-0CE9BC5C5032}.Debug|Any CPU.ActiveCfg = Debug|Any CPU
		{42B28B03-6C7D-4C32-B4CB-0CE9BC5C5032}.Debug|Any CPU.Build.0 = Debug|Any CPU
		{42B28B03-6C7D-4C32-B4CB-0CE9BC5C5032}.Release|Any CPU.ActiveCfg = Release|Any CPU
		{42B28B03-6C7D-4C32-B4CB-0CE9BC5C5032}.Release|Any CPU.Build.0 = Release|Any CPU
		{6EA2D837-714E-49B5-A368-9C7840D38EF2}.Debug|Any CPU.ActiveCfg = Debug|Any CPU
		{6EA2D837-714E-49B5-A368-9C7840D38EF2}.Debug|Any CPU.Build.0 = Debug|Any CPU
		{6EA2D837-714E-49B5-A368-9C7840D38EF2}.Release|Any CPU.ActiveCfg = Release|Any CPU
		{6EA2D837-714E-49B5-A368-9C7840D38EF2}.Release|Any CPU.Build.0 = Release|Any CPU
	EndGlobalSection
	GlobalSection(SolutionProperties) = preSolution
		HideSolutionNode = FALSE
	EndGlobalSection
	GlobalSection(ExtensibilityGlobals) = postSolution
		SolutionGuid = {F7784885-1D3C-4FEE-9F02-68730C34AD85}
	EndGlobalSection
EndGlobal
